# This file is automatically @generated by Poetry 1.7.1 and should not be changed by hand.

[[package]]
name = "paho-mqtt"
version = "2.0.0"
description = "MQTT version 5.0/3.1.1 client class"
optional = false
python-versions = ">=3.7"
files = [
    {file = "paho_mqtt-2.0.0-py3-none-any.whl", hash = "sha256:2ef745073dfc9aa68bfec30d0b9b6f0304ea75182bae85a7c77a80cefce1eff5"},
    {file = "paho_mqtt-2.0.0.tar.gz", hash = "sha256:13b205f29251e4f2c66a6c923c31fc4fd780561e03b2d775cff8e4f2915cf947"},
]

[package.extras]
proxy = ["pysocks"]

[[package]]
name = "paho-mqtt"
version = "2.0.0"
description = "MQTT version 5.0/3.1.1 client class"
optional = false
python-versions = ">=3.7"
files = [
    {file = "paho_mqtt-2.0.0-py3-none-any.whl", hash = "sha256:2ef745073dfc9aa68bfec30d0b9b6f0304ea75182bae85a7c77a80cefce1eff5"},
]

[package.extras]
proxy = ["pysocks"]

[package.source]
type = "legacy"
url = "https://www.piwheels.org/simple"
reference = "piwheels"

[[package]]
name = "pyserial"
version = "3.5"
description = "Python Serial Port Extension"
optional = false
python-versions = "*"
files = [
    {file = "pyserial-3.5-py2.py3-none-any.whl", hash = "sha256:c4451db6ba391ca6ca299fb3ec7bae67a5c55dde170964c7a14ceefec02f2cf0"},
    {file = "pyserial-3.5.tar.gz", hash = "sha256:3c77e014170dfffbd816e6ffc205e9842efb10be9f58ec16d3e8675b4925cddb"},
]

[package.extras]
cp2110 = ["hidapi"]

[[package]]
name = "pyserial"
version = "3.5"
description = "Python Serial Port Extension"
optional = false
python-versions = "*"
files = [
    {file = "pyserial-3.5-py2.py3-none-any.whl", hash = "sha256:c4451db6ba391ca6ca299fb3ec7bae67a5c55dde170964c7a14ceefec02f2cf0"},
]

[package.extras]
cp2110 = ["hidapi"]

[package.source]
type = "legacy"
url = "https://www.piwheels.org/simple"
reference = "piwheels"

[metadata]
lock-version = "2.0"
python-versions = "^3.9"
content-hash = "319aa5b849ed1ef499891ac5197deafcccd38d3b2001bfd150605ae39b5d0e42"
